
Microsoft Visual Studio Solution File, Format Version 12.00
# Visual Studio Version 16
VisualStudioVersion = 16.0.34601.136
MinimumVisualStudioVersion = 10.0.40219.1
Project("{FAE04EC0-301F-11D3-BF4B-00C04F79EFBC}") = "Coloring_Map_AI", "Coloring_Map_AI\Coloring_Map_AI.csproj", "{A058DF0C-FF45-475B-BF62-069C8CE30106}"
EndProject
Global
	GlobalSection(SolutionConfigurationPlatforms) = preSolution
		Debug|Any CPU = Debug|Any CPU
		Release|Any CPU = Release|Any CPU
	EndGlobalSection
	GlobalSection(ProjectConfigurationPlatforms) = postSolution
		{A058DF0C-FF45-475B-BF62-069C8CE30106}.Debug|Any CPU.ActiveCfg = Debug|Any CPU
		{A058DF0C-FF45-475B-BF62-069C8CE30106}.Debug|Any CPU.Build.0 = Debug|Any CPU
		{A058DF0C-FF45-475B-BF62-069C8CE30106}.Release|Any CPU.ActiveCfg = Release|Any CPU
		{A058DF0C-FF45-475B-BF62-069C8CE30106}.Release|Any CPU.Build.0 = Release|Any CPU
	EndGlobalSection
	GlobalSection(SolutionProperties) = preSolution
		HideSolutionNode = FALSE
	EndGlobalSection
	GlobalSection(ExtensibilityGlobals) = postSolution
		SolutionGuid = {F20D0C13-A50E-46D2-B9D3-9E6F20B09741}
	EndGlobalSection
EndGlobal
